
Microsoft Visual Studio Solution File, Format Version 12.00
# Visual Studio Version 17
VisualStudioVersion = 17.3.32929.385
MinimumVisualStudioVersion = 10.0.40219.1
Project("{F184B08F-C81C-45F6-A57F-5ABD9991F28F}") = "nolan burnell cain", "nolan burnell cain\nolan burnell cain.vbproj", "{BA67A050-0A5E-4DA7-B5A5-8612961468DD}"
EndProject
Global
	GlobalSection(SolutionConfigurationPlatforms) = preSolution
		Debug|Any CPU = Debug|Any CPU
		Release|Any CPU = Release|Any CPU
	EndGlobalSection
	GlobalSection(ProjectConfigurationPlatforms) = postSolution
		{BA67A050-0A5E-4DA7-B5A5-8612961468DD}.Debug|Any CPU.ActiveCfg = Debug|Any CPU
		{BA67A050-0A5E-4DA7-B5A5-8612961468DD}.Debug|Any CPU.Build.0 = Debug|Any CPU
		{BA67A050-0A5E-4DA7-B5A5-8612961468DD}.Release|Any CPU.ActiveCfg = Release|Any CPU
		{BA67A050-0A5E-4DA7-B5A5-8612961468DD}.Release|Any CPU.Build.0 = Release|Any CPU
	EndGlobalSection
	GlobalSection(SolutionProperties) = preSolution
		HideSolutionNode = FALSE
	EndGlobalSection
	GlobalSection(ExtensibilityGlobals) = postSolution
		SolutionGuid = {7FB8457C-662B-4409-ABE9-64CDCB0EB1E1}
	EndGlobalSection
EndGlobal
